
Microsoft Visual Studio Solution File, Format Version 12.00
# Visual Studio 15
VisualStudioVersion = 15.0.28010.2026
MinimumVisualStudioVersion = 10.0.40219.1
Project("{FAE04EC0-301F-11D3-BF4B-00C04F79EFBC}") = "KattisStarter", "KattisStarter\KattisStarter.csproj", "{2B450ABB-58E8-41AB-9C81-B257DC26C8B3}"
EndProject
Project("{FAE04EC0-301F-11D3-BF4B-00C04F79EFBC}") = "KattisUploader", "KattisUploader\KattisUploader.csproj", "{44DDA6A0-DE15-4FBF-A81B-ECF1F77F4CC5}"
EndProject
Project("{2150E333-8FDC-42A3-9474-1A3956D46DE8}") = "Test", "Test", "{43DB2F22-B0C7-4ED4-9320-002F619FD7B2}"
EndProject
Project("{FAE04EC0-301F-11D3-BF4B-00C04F79EFBC}") = "KattisUploaderDriver", "KattisUploaderDriver\KattisUploaderDriver.csproj", "{1A4AEE3A-7315-447F-AC70-D23DF2B7513A}"
EndProject
Project("{2150E333-8FDC-42A3-9474-1A3956D46DE8}") = "KattisClasses", "KattisClasses", "{940101C3-00BC-4E86-BF28-8A8949CC8F7F}"
EndProject
Project("{FAE04EC0-301F-11D3-BF4B-00C04F79EFBC}") = "KattisUtilities", "KattisUtilities\KattisUtilities.csproj", "{3838D6AF-65DC-45B4-8D48-4BF737840F92}"
EndProject
Project("{FAE04EC0-301F-11D3-BF4B-00C04F79EFBC}") = "TestKattisUtilities", "TestKattisUploader\TestKattisUtilities.csproj", "{631AD0C8-ABB1-4106-A9E4-B7ABA49734A8}"
EndProject
Project("{FAE04EC0-301F-11D3-BF4B-00C04F79EFBC}") = "CrawlKattisProblems", "MakeKattisRSS\CrawlKattisProblems.csproj", "{CCCE8F03-C990-495E-973D-8CFAA3BCD291}"
EndProject
Project("{2150E333-8FDC-42A3-9474-1A3956D46DE8}") = "KattisVSIX", "KattisVSIX", "{DC712CE2-B468-4847-A0FC-6785AA0F5124}"
EndProject
Project("{FAE04EC0-301F-11D3-BF4B-00C04F79EFBC}") = "KattisVSIXStarter", "KattisVSIXStarter\KattisVSIXStarter.csproj", "{87BCCC31-566A-4083-8F47-CB76742131B6}"
EndProject
Project("{FAE04EC0-301F-11D3-BF4B-00C04F79EFBC}") = "AsyncProblemHarvester", "AsyncExampleWPF\AsyncProblemHarvester.csproj", "{129E85E2-DF73-442F-8E60-FC651E9AE7C9}"
EndProject
Project("{2150E333-8FDC-42A3-9474-1A3956D46DE8}") = "Solution Items", "Solution Items", "{0C634B25-31E9-4F2C-B8E5-F4691186802E}"
	ProjectSection(SolutionItems) = preProject
		MarketPlace.PNG = MarketPlace.PNG
		README.md = README.md
	EndProjectSection
EndProject
Project("{FAE04EC0-301F-11D3-BF4B-00C04F79EFBC}") = "ConsoleLogin", "ConsoleLogin\ConsoleLogin.csproj", "{FA57BC25-57BE-4C62-BA4F-3A4C117155C6}"
EndProject
Global
	GlobalSection(SolutionConfigurationPlatforms) = preSolution
		Debug|Any CPU = Debug|Any CPU
		Release|Any CPU = Release|Any CPU
	EndGlobalSection
	GlobalSection(ProjectConfigurationPlatforms) = postSolution
		{2B450ABB-58E8-41AB-9C81-B257DC26C8B3}.Debug|Any CPU.ActiveCfg = Debug|Any CPU
		{2B450ABB-58E8-41AB-9C81-B257DC26C8B3}.Debug|Any CPU.Build.0 = Debug|Any CPU
		{2B450ABB-58E8-41AB-9C81-B257DC26C8B3}.Release|Any CPU.ActiveCfg = Release|Any CPU
		{2B450ABB-58E8-41AB-9C81-B257DC26C8B3}.Release|Any CPU.Build.0 = Release|Any CPU
		{44DDA6A0-DE15-4FBF-A81B-ECF1F77F4CC5}.Debug|Any CPU.ActiveCfg = Debug|Any CPU
		{44DDA6A0-DE15-4FBF-A81B-ECF1F77F4CC5}.Debug|Any CPU.Build.0 = Debug|Any CPU
		{44DDA6A0-DE15-4FBF-A81B-ECF1F77F4CC5}.Release|Any CPU.ActiveCfg = Release|Any CPU
		{44DDA6A0-DE15-4FBF-A81B-ECF1F77F4CC5}.Release|Any CPU.Build.0 = Release|Any CPU
		{1A4AEE3A-7315-447F-AC70-D23DF2B7513A}.Debug|Any CPU.ActiveCfg = Debug|Any CPU
		{1A4AEE3A-7315-447F-AC70-D23DF2B7513A}.Debug|Any CPU.Build.0 = Debug|Any CPU
		{1A4AEE3A-7315-447F-AC70-D23DF2B7513A}.Release|Any CPU.ActiveCfg = Release|Any CPU
		{1A4AEE3A-7315-447F-AC70-D23DF2B7513A}.Release|Any CPU.Build.0 = Release|Any CPU
		{3838D6AF-65DC-45B4-8D48-4BF737840F92}.Debug|Any CPU.ActiveCfg = Debug|Any CPU
		{3838D6AF-65DC-45B4-8D48-4BF737840F92}.Debug|Any CPU.Build.0 = Debug|Any CPU
		{3838D6AF-65DC-45B4-8D48-4BF737840F92}.Release|Any CPU.ActiveCfg = Release|Any CPU
		{3838D6AF-65DC-45B4-8D48-4BF737840F92}.Release|Any CPU.Build.0 = Release|Any CPU
		{631AD0C8-ABB1-4106-A9E4-B7ABA49734A8}.Debug|Any CPU.ActiveCfg = Debug|Any CPU
		{631AD0C8-ABB1-4106-A9E4-B7ABA49734A8}.Debug|Any CPU.Build.0 = Debug|Any CPU
		{631AD0C8-ABB1-4106-A9E4-B7ABA49734A8}.Release|Any CPU.ActiveCfg = Release|Any CPU
		{631AD0C8-ABB1-4106-A9E4-B7ABA49734A8}.Release|Any CPU.Build.0 = Release|Any CPU
		{CCCE8F03-C990-495E-973D-8CFAA3BCD291}.Debug|Any CPU.ActiveCfg = Debug|Any CPU
		{CCCE8F03-C990-495E-973D-8CFAA3BCD291}.Debug|Any CPU.Build.0 = Debug|Any CPU
		{CCCE8F03-C990-495E-973D-8CFAA3BCD291}.Release|Any CPU.ActiveCfg = Release|Any CPU
		{CCCE8F03-C990-495E-973D-8CFAA3BCD291}.Release|Any CPU.Build.0 = Release|Any CPU
		{87BCCC31-566A-4083-8F47-CB76742131B6}.Debug|Any CPU.ActiveCfg = Debug|Any CPU
		{87BCCC31-566A-4083-8F47-CB76742131B6}.Debug|Any CPU.Build.0 = Debug|Any CPU
		{87BCCC31-566A-4083-8F47-CB76742131B6}.Release|Any CPU.ActiveCfg = Release|Any CPU
		{87BCCC31-566A-4083-8F47-CB76742131B6}.Release|Any CPU.Build.0 = Release|Any CPU
		{129E85E2-DF73-442F-8E60-FC651E9AE7C9}.Debug|Any CPU.ActiveCfg = Debug|Any CPU
		{129E85E2-DF73-442F-8E60-FC651E9AE7C9}.Debug|Any CPU.Build.0 = Debug|Any CPU
		{129E85E2-DF73-442F-8E60-FC651E9AE7C9}.Release|Any CPU.ActiveCfg = Release|Any CPU
		{129E85E2-DF73-442F-8E60-FC651E9AE7C9}.Release|Any CPU.Build.0 = Release|Any CPU
		{FA57BC25-57BE-4C62-BA4F-3A4C117155C6}.Debug|Any CPU.ActiveCfg = Debug|Any CPU
		{FA57BC25-57BE-4C62-BA4F-3A4C117155C6}.Debug|Any CPU.Build.0 = Debug|Any CPU
		{FA57BC25-57BE-4C62-BA4F-3A4C117155C6}.Release|Any CPU.ActiveCfg = Release|Any CPU
		{FA57BC25-57BE-4C62-BA4F-3A4C117155C6}.Release|Any CPU.Build.0 = Release|Any CPU
	EndGlobalSection
	GlobalSection(SolutionProperties) = preSolution
		HideSolutionNode = FALSE
	EndGlobalSection
	GlobalSection(NestedProjects) = preSolution
		{2B450ABB-58E8-41AB-9C81-B257DC26C8B3} = {DC712CE2-B468-4847-A0FC-6785AA0F5124}
		{44DDA6A0-DE15-4FBF-A81B-ECF1F77F4CC5} = {DC712CE2-B468-4847-A0FC-6785AA0F5124}
		{1A4AEE3A-7315-447F-AC70-D23DF2B7513A} = {43DB2F22-B0C7-4ED4-9320-002F619FD7B2}
		{3838D6AF-65DC-45B4-8D48-4BF737840F92} = {940101C3-00BC-4E86-BF28-8A8949CC8F7F}
		{631AD0C8-ABB1-4106-A9E4-B7ABA49734A8} = {43DB2F22-B0C7-4ED4-9320-002F619FD7B2}
		{CCCE8F03-C990-495E-973D-8CFAA3BCD291} = {43DB2F22-B0C7-4ED4-9320-002F619FD7B2}
		{87BCCC31-566A-4083-8F47-CB76742131B6} = {DC712CE2-B468-4847-A0FC-6785AA0F5124}
		{129E85E2-DF73-442F-8E60-FC651E9AE7C9} = {43DB2F22-B0C7-4ED4-9320-002F619FD7B2}
		{FA57BC25-57BE-4C62-BA4F-3A4C117155C6} = {43DB2F22-B0C7-4ED4-9320-002F619FD7B2}
	EndGlobalSection
	GlobalSection(ExtensibilityGlobals) = postSolution
		SolutionGuid = {B5D52C7C-C19C-4D17-83F4-672A1C36A09A}
	EndGlobalSection
EndGlobal
